
Microsoft Visual Studio Solution File, Format Version 12.00
# Visual Studio Version 16
VisualStudioVersion = 16.0.29905.134
MinimumVisualStudioVersion = 10.0.40219.1
Project("{FAE04EC0-301F-11D3-BF4B-00C04F79EFBC}") = "SacrementPlanner", "SacrementPlanner\SacrementPlanner.csproj", "{B45FB0F1-AEED-430E-81F5-61099D20A2BC}"
EndProject
Global
	GlobalSection(SolutionConfigurationPlatforms) = preSolution
		Debug|Any CPU = Debug|Any CPU
		Release|Any CPU = Release|Any CPU
	EndGlobalSection
	GlobalSection(ProjectConfigurationPlatforms) = postSolution
		{B45FB0F1-AEED-430E-81F5-61099D20A2BC}.Debug|Any CPU.ActiveCfg = Debug|Any CPU
		{B45FB0F1-AEED-430E-81F5-61099D20A2BC}.Debug|Any CPU.Build.0 = Debug|Any CPU
		{B45FB0F1-AEED-430E-81F5-61099D20A2BC}.Release|Any CPU.ActiveCfg = Release|Any CPU
		{B45FB0F1-AEED-430E-81F5-61099D20A2BC}.Release|Any CPU.Build.0 = Release|Any CPU
	EndGlobalSection
	GlobalSection(SolutionProperties) = preSolution
		HideSolutionNode = FALSE
	EndGlobalSection
	GlobalSection(ExtensibilityGlobals) = postSolution
		SolutionGuid = {7BCC1A1C-43AB-4250-8F1A-7CC7D8E19CD5}
	EndGlobalSection
EndGlobal
